{
  "name": "@wlocalhost/ngx-tailwind-email-builder",
  "version": "0.1.9",
  "lockfileVersion": 3,
  "requires": true,
  "packages": {
    "": {
      "name": "@wlocalhost/ngx-tailwind-email-builder",
      "version": "0.1.9",
      "dependencies": {
        "tslib": "^2.3.0"
      },
      "peerDependencies": {
        "@angular/cdk": "^14.0.0",
        "@angular/common": "^14.0.0",
        "@angular/core": "^14.0.0",
        "@wlocalhost/ngx-email-builder": "^1.0.0"
      }
    },
    "node_modules/@angular/cdk": {
      "version": "14.2.7",
      "resolved": "https://registry.npmjs.org/@angular/cdk/-/cdk-14.2.7.tgz",
      "integrity": "sha512-/tEsYaUbDSnfEmKVvAMramIptmhI67O+9STjOV0i+74XR2NospeK0fkbywIANu1n3w6AHGMotvRWJrjmbCElFg==",
      "license": "MIT",
      "peer": true,
      "dependencies": {
        "tslib": "^2.3.0"
      },
      "optionalDependencies": {
        "parse5": "^5.0.0"
      },
      "peerDependencies": {
        "@angular/common": "^14.0.0 || ^15.0.0",
        "@angular/core": "^14.0.0 || ^15.0.0",
        "rxjs": "^6.5.3 || ^7.4.0"
      }
    },
    "node_modules/@angular/common": {
      "version": "14.3.0",
      "resolved": "https://registry.npmjs.org/@angular/common/-/common-14.3.0.tgz",
      "integrity": "sha512-pV9oyG3JhGWeQ+TFB0Qub6a1VZWMNZ6/7zEopvYivdqa5yDLLDSBRWb6P80RuONXyGnM1pa7l5nYopX+r/23GQ==",
      "license": "MIT",
      "peer": true,
      "dependencies": {
        "tslib": "^2.3.0"
      },
      "engines": {
        "node": "^14.15.0 || >=16.10.0"
      },
      "peerDependencies": {
        "@angular/core": "14.3.0",
        "rxjs": "^6.5.3 || ^7.4.0"
      }
    },
    "node_modules/@angular/core": {
      "version": "14.3.0",
      "resolved": "https://registry.npmjs.org/@angular/core/-/core-14.3.0.tgz",
      "integrity": "sha512-wYiwItc0Uyn4FWZ/OAx/Ubp2/WrD3EgUJ476y1XI7yATGPF8n9Ld5iCXT08HOvc4eBcYlDfh90kTXR6/MfhzdQ==",
      "license": "MIT",
      "peer": true,
      "dependencies": {
        "tslib": "^2.3.0"
      },
      "engines": {
        "node": "^14.15.0 || >=16.10.0"
      },
      "peerDependencies": {
        "rxjs": "^6.5.3 || ^7.4.0",
        "zone.js": "~0.11.4 || ~0.12.0"
      }
    },
    "node_modules/@wlocalhost/ngx-email-builder": {
      "version": "1.0.0",
      "resolved": "https://registry.npmjs.org/@wlocalhost/ngx-email-builder/-/ngx-email-builder-1.0.0.tgz",
      "integrity": "sha512-EnSW0pLlNMQEy3Mb/uXrsoT4FiSZ0MrPT8+Q8Kb7Eje7p+X9N8HIvCcaB/dxhFxIpbBq0Un+FHcFKCE1ue7DMQ==",
      "peer": true,
      "dependencies": {
        "tslib": "^2.3.0"
      }
    },
    "node_modules/parse5": {
      "version": "5.1.1",
      "resolved": "https://registry.npmjs.org/parse5/-/parse5-5.1.1.tgz",
      "integrity": "sha512-ugq4DFI0Ptb+WWjAdOK16+u/nHfiIrcE+sh8kZMaM0WllQKLI9rOUq6c2b7cwPkXdzfQESqvoqK6ug7U/Yyzug==",
      "license": "MIT",
      "optional": true,
      "peer": true
    },
    "node_modules/rxjs": {
      "version": "7.8.2",
      "resolved": "https://registry.npmjs.org/rxjs/-/rxjs-7.8.2.tgz",
      "integrity": "sha512-dhKf903U/PQZY6boNNtAGdWbG85WAbjT/1xYoZIC7FAY0yWapOBQVsVrDl58W86//e1VpMNBtRV4MaXfdMySFA==",
      "license": "Apache-2.0",
      "peer": true,
      "dependencies": {
        "tslib": "^2.1.0"
      }
    },
    "node_modules/tslib": {
      "version": "2.8.1",
      "resolved": "https://registry.npmjs.org/tslib/-/tslib-2.8.1.tgz",
      "integrity": "sha512-oJFu94HQb+KVduSUQL7wnpmqnfmLsOA/nAh6b6EH0wCEoK0/mPeXU6c3wKDV83MkOuHPRHtSXKKU99IBazS/2w==",
      "license": "0BSD"
    },
    "node_modules/zone.js": {
      "version": "0.12.0",
      "resolved": "https://registry.npmjs.org/zone.js/-/zone.js-0.12.0.tgz",
      "integrity": "sha512-XtC+I5dXU14HrzidAKBNMqneIVUykLEAA1x+v4KVrd6AUPWlwYORF8KgsVqvgdHiKZ4BkxxjvYi/ksEixTPR0Q==",
      "license": "MIT",
      "peer": true,
      "dependencies": {
        "tslib": "^2.3.0"
      }
    }
  }
}
